# This file is generated by running "yarn install" inside your project.
# Manual changes might be lost - proceed with caution!

__metadata:
  version: 6
  cacheKey: 8

"powerbi_upload_file_gcp@workspace:.":
  version: 0.0.0-use.local
  resolution: "powerbi_upload_file_gcp@workspace:."
  dependencies:
    sprinkle-js: ^0.4.6
  languageName: unknown
  linkType: soft

"sprinkle-js@npm:^0.4.6":
  version: 0.4.6
  resolution: "sprinkle-js@npm:0.4.6"
  checksum: 02e2ec8372f58ab1e45a5af439f22a0760e356d61b7f126b5a8802b3afe8d2777b332b911b6daafa2e2e8b89190fc310ad819856ba7f3d503369f04004cca23a
  languageName: node
  linkType: hard
